# This file is automatically @generated by Cargo.
# It is not intended for manual editing.
version = 4

[[package]]
name = "abi"
version = "0.0.0"
dependencies = [
 "math",
]

[[package]]
name = "allocator-api2"
version = "0.4.0"
source = "registry+https://github.com/rust-lang/crates.io-index"
checksum = "c880a97d28a3681c0267bd29cff89621202715b065127cd445fa0f0fe0aa2880"

[[package]]
name = "bindings"
version = "0.0.0"
dependencies = [
 "boxgraph",
 "math",
 "value",
]

[[package]]
name = "boxgraph"
version = "0.0.0"

[[package]]
name = "device-apparat"
version = "0.0.0"
dependencies = [
 "abi",
]

[[package]]
name = "device-arpeggio"
version = "0.0.0"
dependencies = [
 "abi",
 "math",
]

[[package]]
name = "device-compressor"
version = "0.0.0"
dependencies = [
 "abi",
 "dsp",
 "libm",
 "math",
]

[[package]]
name = "device-crusher"
version = "0.0.0"
dependencies = [
 "abi",
 "dsp",
 "math",
]

[[package]]
name = "device-dattorro-reverb"
version = "0.0.0"
dependencies = [
 "abi",
 "dsp",
 "math",
]

[[package]]
name = "device-delay"
version = "0.0.0"
dependencies = [
 "abi",
 "dsp",
 "libm",
 "math",
]

[[package]]
name = "device-fold"
version = "0.0.0"
dependencies = [
 "abi",
 "dsp",
 "libm",
 "math",
]

[[package]]
name = "device-gate"
version = "0.0.0"
dependencies = [
 "abi",
 "libm",
 "math",
]

[[package]]
name = "device-maximizer"
version = "0.0.0"
dependencies = [
 "abi",
 "dsp",
 "libm",
 "math",
]

[[package]]
name = "device-nano"
version = "0.0.0"
dependencies = [
 "abi",
 "libm",
 "math",
]

[[package]]
name = "device-neural-amp"
version = "0.0.0"
dependencies = [
 "abi",
 "dsp",
 "math",
]

[[package]]
name = "device-pitch"
version = "0.0.0"
dependencies = [
 "abi",
 "math",
]

[[package]]
name = "device-playfield-sample"
version = "0.0.0"
dependencies = [
 "abi",
 "dsp",
 "libm",
 "math",
]

[[package]]
name = "device-revamp"
version = "0.0.0"
dependencies = [
 "abi",
 "dsp",
 "math",
]

[[package]]
name = "device-reverb"
version = "0.0.0"
dependencies = [
 "abi",
 "dsp",
 "libm",
 "math",
]

[[package]]
name = "device-sine"
version = "0.0.0"
dependencies = [
 "abi",
 "dsp",
]

[[package]]
name = "device-soundfont"
version = "0.0.0"
dependencies = [
 "abi",
 "libm",
]

[[package]]
name = "device-spielwerk"
version = "0.0.0"
dependencies = [
 "abi",
]

[[package]]
name = "device-stereo-tool"
version = "0.0.0"
dependencies = [
 "abi",
 "dsp",
 "math",
]

[[package]]
name = "device-tidal"
version = "0.0.0"
dependencies = [
 "abi",
 "dsp",
 "math",
]

[[package]]
name = "device-vaporisateur"
version = "0.0.0"
dependencies = [
 "abi",
 "dsp",
 "libm",
 "math",
 "voicing",
]

[[package]]
name = "device-velocity"
version = "0.0.0"
dependencies = [
 "abi",
 "math",
]

[[package]]
name = "device-vocoder"
version = "0.0.0"
dependencies = [
 "abi",
 "dsp",
 "math",
]

[[package]]
name = "device-waveshaper"
version = "0.0.0"
dependencies = [
 "abi",
 "dsp",
 "math",
]

[[package]]
name = "device-werkstatt"
version = "0.0.0"
dependencies = [
 "abi",
]

[[package]]
name = "device-zeitgeist"
version = "0.0.0"
dependencies = [
 "abi",
 "math",
]

[[package]]
name = "dsp"
version = "0.0.0"
dependencies = [
 "libm",
 "math",
]

[[package]]
name = "engine"
version = "0.0.0"
dependencies = [
 "abi",
 "bindings",
 "boxgraph",
 "dsp",
 "engine-env",
 "math",
 "processors",
 "studio-boxes",
 "talc",
 "transport",
 "value",
]

[[package]]
name = "engine-env"
version = "0.0.0"
dependencies = [
 "abi",
 "boxgraph",
 "dsp",
 "math",
 "value",
]

[[package]]
name = "libm"
version = "0.2.16"
source = "registry+https://github.com/rust-lang/crates.io-index"
checksum = "b6d2cec3eae94f9f509c767b45932f1ada8350c4bdb85af2fcab4a3c14807981"

[[package]]
name = "lock_api"
version = "0.4.14"
source = "registry+https://github.com/rust-lang/crates.io-index"
checksum = "224399e74b87b5f3557511d98dff8b14089b3dadafcab6bb93eab67d3aace965"
dependencies = [
 "scopeguard",
]

[[package]]
name = "math"
version = "0.0.0"
dependencies = [
 "libm",
]

[[package]]
name = "processors"
version = "0.0.0"
dependencies = [
 "dsp",
 "engine-env",
 "math",
 "transport",
 "value",
]

[[package]]
name = "scopeguard"
version = "1.2.0"
source = "registry+https://github.com/rust-lang/crates.io-index"
checksum = "94143f37725109f92c262ed2cf5e59bce7498c01bcc1502d7b9afe439a4e9f49"

[[package]]
name = "sine"
version = "0.0.0"
dependencies = [
 "dsp",
]

[[package]]
name = "studio-boxes"
version = "0.0.0"
dependencies = [
 "boxgraph",
]

[[package]]
name = "talc"
version = "5.0.3"
source = "registry+https://github.com/rust-lang/crates.io-index"
checksum = "3081e3f3ad542dc4cd0ae720f752598f8880fd364dc2d031132e3509f673aa23"
dependencies = [
 "allocator-api2",
 "lock_api",
]

[[package]]
name = "transport"
version = "0.0.0"
dependencies = [
 "engine-env",
 "value",
]

[[package]]
name = "value"
version = "0.0.0"
dependencies = [
 "math",
]

[[package]]
name = "voicing"
version = "0.0.0"
dependencies = [
 "abi",
 "libm",
]
